<Solution>
  <Folder Name="/src/">
    <Project Path="src/FuzzyRegex/FuzzyRegex.csproj" />
  </Folder>
  <Folder Name="/tests/">
    <Project Path="tests/FuzzyRegex.Tests/FuzzyRegex.Tests.csproj" />
    <Project Path="tests/FuzzyRegex.OracleTests/FuzzyRegex.OracleTests.csproj" />
  </Folder>
  <Folder Name="/bench/">
    <Project Path="bench/FuzzyRegex.Benchmarks/FuzzyRegex.Benchmarks.csproj" />
  </Folder>
  <Folder Name="/samples/">
    <Project Path="samples/FuzzyRegex.AotSmoke/FuzzyRegex.AotSmoke.csproj" />
  </Folder>
  <Folder Name="/demo/">
    <Project Path="demo/FuzzyRegex.Demo.Wasm/FuzzyRegex.Demo.Wasm.csproj" />
  </Folder>
</Solution>
