<Solution>
  <Folder Name="/src/">
    <Project Path="src/FuzzyRegex/FuzzyRegex.csproj" />
    <Project Path="src/FuzzyRegex.UnicodeGenerator/FuzzyRegex.UnicodeGenerator.csproj" />
  </Folder>
  <Folder Name="/tests/">
    <Project Path="tests/FuzzyRegex.Tests/FuzzyRegex.Tests.csproj" />
    <Project Path="tests/FuzzyRegex.OracleTests/FuzzyRegex.OracleTests.csproj" />
  </Folder>
  <Folder Name="/bench/">
    <Project Path="bench/FuzzyRegex.Benchmarks/FuzzyRegex.Benchmarks.csproj" />
  </Folder>
</Solution>
